{
  "nodes": {
    "nixpkgs": {
      "locked": {
        "lastModified": 1655218503,
        "narHash": "sha256-qFesWIiv3IXF1P/e6QhxJvfWTO+66EOQDCuaNTuvy5A=",
        "owner": "nixos",
        "repo": "nixpkgs",
        "rev": "61f6379f622597b36ab71089d405b1c833c1f68a",
        "type": "github"
      },
      "original": {
        "owner": "nixos",
        "ref": "master",
        "repo": "nixpkgs",
        "type": "github"
      }
    },
    "root": {
      "inputs": {
        "nixpkgs": "nixpkgs"
      }
    }
  },
  "root": "root",
  "version": 7
}
